// !$*UTF8*$!
{
	archiveVersion = 1;
	classes = {
	};
	objectVersion = 50;
	objects = {

/* Begin PBXBuildFile section */
		1A34B58C23EFE92B00F98537 /* AppDelegate.swift in Sources */ = {isa = PBXBuildFile; fileRef = 1A34B58B23EFE92B00F98537 /* AppDelegate.swift */; };
		1A34B58E23EFE92B00F98537 /* SceneDelegate.swift in Sources */ = {isa = PBXBuildFile; fileRef = 1A34B58D23EFE92B00F98537 /* SceneDelegate.swift */; };
		1A34B59023EFE92B00F98537 /* ContentView.swift in Sources */ = {isa = PBXBuildFile; fileRef = 1A34B58F23EFE92B00F98537 /* ContentView.swift */; };
		1A34B59223EFE92C00F98537 /* Assets.xcassets in Resources */ = {isa = PBXBuildFile; fileRef = 1A34B59123EFE92C00F98537 /* Assets.xcassets */; };
		1A34B59523EFE92C00F98537 /* Preview Assets.xcassets in Resources */ = {isa = PBXBuildFile; fileRef = 1A34B59423EFE92C00F98537 /* Preview Assets.xcassets */; };
		1A34B59823EFE92C00F98537 /* LaunchScreen.storyboard in Resources */ = {isa = PBXBuildFile; fileRef = 1A34B59623EFE92C00F98537 /* LaunchScreen.storyboard */; };
		1A34B5A323EFE92C00F98537 /* GuessTheFlagTests.swift in Sources */ = {isa = PBXBuildFile; fileRef = 1A34B5A223EFE92C00F98537 /* GuessTheFlagTests.swift */; };
		1A34B5AE23EFE92C00F98537 /* GuessTheFlagUITests.swift in Sources */ = {isa = PBXBuildFile; fileRef = 1A34B5AD23EFE92C00F98537 /* GuessTheFlagUITests.swift */; };
/* End PBXBuildFile section */

/* Begin PBXContainerItemProxy section */
		1A34B59F23EFE92C00F98537 /* PBXContainerItemProxy */ = {
			isa = PBXContainerItemProxy;
			containerPortal = 1A34B58023EFE92B00F98537 /* Project object */;
			proxyType = 1;
			remoteGlobalIDString = 1A34B58723EFE92B00F98537;
			remoteInfo = GuessTheFlag;
		};
		1A34B5AA23EFE92C00F98537 /* PBXContainerItemProxy */ = {
			isa = PBXContainerItemProxy;
			containerPortal = 1A34B58023EFE92B00F98537 /* Project object */;
			proxyType = 1;
			remoteGlobalIDString = 1A34B58723EFE92B00F98537;
			remoteInfo = GuessTheFlag;
		};
/* End PBXContainerItemProxy section */

/* Begin PBXFileReference section */
		1A34B58823EFE92B00F98537 /* GuessTheFlag.app */ = {isa = PBXFileReference; explicitFileType = wrapper.application; includeInIndex = 0; path = GuessTheFlag.app; sourceTree = BUILT_PRODUCTS_DIR; };
		1A34B58B23EFE92B00F98537 /* AppDelegate.swift */ = {isa = PBXFileReference; lastKnownFileType = sourcecode.swift; path = AppDelegate.swift; sourceTree = "<group>"; };
		1A34B58D23EFE92B00F98537 /* SceneDelegate.swift */ = {isa = PBXFileReference; lastKnownFileType = sourcecode.swift; path = SceneDelegate.swift; sourceTree = "<group>"; };
		1A34B58F23EFE92B00F98537 /* ContentView.swift */ = {isa = PBXFileReference; lastKnownFileType = sourcecode.swift; path = ContentView.swift; sourceTree = "<group>"; };
		1A34B59123EFE92C00F98537 /* Assets.xcassets */ = {isa = PBXFileReference; lastKnownFileType = folder.assetcatalog; path = Assets.xcassets; sourceTree = "<group>"; };
		1A34B59423EFE92C00F98537 /* Preview Assets.xcassets */ = {isa = PBXFileReference; lastKnownFileType = folder.assetcatalog; path = "Preview Assets.xcassets"; sourceTree = "<group>"; };
		1A34B59723EFE92C00F98537 /* Base */ = {isa = PBXFileReference; lastKnownFileType = file.storyboard; name = Base; path = Base.lproj/LaunchScreen.storyboard; sourceTree = "<group>"; };
		1A34B59923EFE92C00F98537 /* Info.plist */ = {isa = PBXFileReference; lastKnownFileType = text.plist.xml; path = Info.plist; sourceTree = "<group>"; };
		1A34B59E23EFE92C00F98537 /* GuessTheFlagTests.xctest */ = {isa = PBXFileReference; explicitFileType = wrapper.cfbundle; includeInIndex = 0; path = GuessTheFlagTests.xctest; sourceTree = BUILT_PRODUCTS_DIR; };
		1A34B5A223EFE92C00F98537 /* GuessTheFlagTests.swift */ = {isa = PBXFileReference; lastKnownFileType = sourcecode.swift; path = GuessTheFlagTests.swift; sourceTree = "<group>"; };
		1A34B5A423EFE92C00F98537 /* Info.plist */ = {isa = PBXFileReference; lastKnownFileType = text.plist.xml; path = Info.plist; sourceTree = "<group>"; };
		1A34B5A923EFE92C00F98537 /* GuessTheFlagUITests.xctest */ = {isa = PBXFileReference; explicitFileType = wrapper.cfbundle; includeInIndex = 0; path = GuessTheFlagUITests.xctest; sourceTree = BUILT_PRODUCTS_DIR; };
		1A34B5AD23EFE92C00F98537 /* GuessTheFlagUITests.swift */ = {isa = PBXFileReference; lastKnownFileType = sourcecode.swift; path = GuessTheFlagUITests.swift; sourceTree = "<group>"; };
		1A34B5AF23EFE92C00F98537 /* Info.plist */ = {isa = PBXFileReference; lastKnownFileType = text.plist.xml; path = Info.plist; sourceTree = "<group>"; };
/* End PBXFileReference section */

/* Begin PBXFrameworksBuildPhase section */
		1A34B58523EFE92B00F98537 /* Frameworks */ = {
			isa = PBXFrameworksBuildPhase;
			buildActionMask = 2147483647;
			files = (
			);
			runOnlyForDeploymentPostprocessing = 0;
		};
		1A34B59B23EFE92C00F98537 /* Frameworks */ = {
			isa = PBXFrameworksBuildPhase;
			buildActionMask = 2147483647;
			files = (
			);
			runOnlyForDeploymentPostprocessing = 0;
		};
		1A34B5A623EFE92C00F98537 /* Frameworks */ = {
			isa = PBXFrameworksBuildPhase;
			buildActionMask = 2147483647;
			files = (
			);
			runOnlyForDeploymentPostprocessing = 0;
		};
/* End PBXFrameworksBuildPhase section */

/* Begin PBXGroup section */
		1A34B57F23EFE92B00F98537 = {
			isa = PBXGroup;
			children = (
				1A34B58A23EFE92B00F98537 /* GuessTheFlag */,
				1A34B5A123EFE92C00F98537 /* GuessTheFlagTests */,
				1A34B5AC23EFE92C00F98537 /* GuessTheFlagUITests */,
				1A34B58923EFE92B00F98537 /* Products */,
			);
			sourceTree = "<group>";
		};
		1A34B58923EFE92B00F98537 /* Products */ = {
			isa = PBXGroup;
			children = (
				1A34B58823EFE92B00F98537 /* GuessTheFlag.app */,
				1A34B59E23EFE92C00F98537 /* GuessTheFlagTests.xctest */,
				1A34B5A923EFE92C00F98537 /* GuessTheFlagUITests.xctest */,
			);
			name = Products;
			sourceTree = "<group>";
		};
		1A34B58A23EFE92B00F98537 /* GuessTheFlag */ = {
			isa = PBXGroup;
			children = (
				1A34B58B23EFE92B00F98537 /* AppDelegate.swift */,
				1A34B58D23EFE92B00F98537 /* SceneDelegate.swift */,
				1A34B58F23EFE92B00F98537 /* ContentView.swift */,
				1A34B59123EFE92C00F98537 /* Assets.xcassets */,
				1A34B59623EFE92C00F98537 /* LaunchScreen.storyboard */,
				1A34B59923EFE92C00F98537 /* Info.plist */,
				1A34B59323EFE92C00F98537 /* Preview Content */,
			);
			path = GuessTheFlag;
			sourceTree = "<group>";
		};
		1A34B59323EFE92C00F98537 /* Preview Content */ = {
			isa = PBXGroup;
			children = (
				1A34B59423EFE92C00F98537 /* Preview Assets.xcassets */,
			);
			path = "Preview Content";
			sourceTree = "<group>";
		};
		1A34B5A123EFE92C00F98537 /* GuessTheFlagTests */ = {
			isa = PBXGroup;
			children = (
				1A34B5A223EFE92C00F98537 /* GuessTheFlagTests.swift */,
				1A34B5A423EFE92C00F98537 /* Info.plist */,
			);
			path = GuessTheFlagTests;
			sourceTree = "<group>";
		};
		1A34B5AC23EFE92C00F98537 /* GuessTheFlagUITests */ = {
			isa = PBXGroup;
			children = (
				1A34B5AD23EFE92C00F98537 /* GuessTheFlagUITests.swift */,
				1A34B5AF23EFE92C00F98537 /* Info.plist */,
			);
			path = GuessTheFlagUITests;
			sourceTree = "<group>";
		};
/* End PBXGroup section */

/* Begin PBXNativeTarget section */
		1A34B58723EFE92B00F98537 /* GuessTheFlag */ = {
			isa = PBXNativeTarget;
			buildConfigurationList = 1A34B5B223EFE92C00F98537 /* Build configuration list for PBXNativeTarget "GuessTheFlag" */;
			buildPhases = (
				1A34B58423EFE92B00F98537 /* Sources */,
				1A34B58523EFE92B00F98537 /* Frameworks */,
				1A34B58623EFE92B00F98537 /* Resources */,
			);
			buildRules = (
			);
			dependencies = (
			);
			name = GuessTheFlag;
			productName = GuessTheFlag;
			productReference = 1A34B58823EFE92B00F98537 /* GuessTheFlag.app */;
			productType = "com.apple.product-type.application";
		};
		1A34B59D23EFE92C00F98537 /* GuessTheFlagTests */ = {
			isa = PBXNativeTarget;
			buildConfigurationList = 1A34B5B523EFE92C00F98537 /* Build configuration list for PBXNativeTarget "GuessTheFlagTests" */;
			buildPhases = (
				1A34B59A23EFE92C00F98537 /* Sources */,
				1A34B59B23EFE92C00F98537 /* Frameworks */,
				1A34B59C23EFE92C00F98537 /* Resources */,
			);
			buildRules = (
			);
			dependencies = (
				1A34B5A023EFE92C00F98537 /* PBXTargetDependency */,
			);
			name = GuessTheFlagTests;
			productName = GuessTheFlagTests;
			productReference = 1A34B59E23EFE92C00F98537 /* GuessTheFlagTests.xctest */;
			productType = "com.apple.product-type.bundle.unit-test";
		};
		1A34B5A823EFE92C00F98537 /* GuessTheFlagUITests */ = {
			isa = PBXNativeTarget;
			buildConfigurationList = 1A34B5B823EFE92C00F98537 /* Build configuration list for PBXNativeTarget "GuessTheFlagUITests" */;
			buildPhases = (
				1A34B5A523EFE92C00F98537 /* Sources */,
				1A34B5A623EFE92C00F98537 /* Frameworks */,
				1A34B5A723EFE92C00F98537 /* Resources */,
			);
			buildRules = (
			);
			dependencies = (
				1A34B5AB23EFE92C00F98537 /* PBXTargetDependency */,
			);
			name = GuessTheFlagUITests;
			productName = GuessTheFlagUITests;
			productReference = 1A34B5A923EFE92C00F98537 /* GuessTheFlagUITests.xctest */;
			productType = "com.apple.product-type.bundle.ui-testing";
		};
/* End PBXNativeTarget section */

/* Begin PBXProject section */
		1A34B58023EFE92B00F98537 /* Project object */ = {
			isa = PBXProject;
			attributes = {
				LastSwiftUpdateCheck = 1130;
				LastUpgradeCheck = 1130;
				ORGANIZATIONNAME = "Yusuke Tomatsu";
				TargetAttributes = {
					1A34B58723EFE92B00F98537 = {
						CreatedOnToolsVersion = 11.3;
					};
					1A34B59D23EFE92C00F98537 = {
						CreatedOnToolsVersion = 11.3;
						TestTargetID = 1A34B58723EFE92B00F98537;
					};
					1A34B5A823EFE92C00F98537 = {
						CreatedOnToolsVersion = 11.3;
						TestTargetID = 1A34B58723EFE92B00F98537;
					};
				};
			};
			buildConfigurationList = 1A34B58323EFE92B00F98537 /* Build configuration list for PBXProject "GuessTheFlag" */;
			compatibilityVersion = "Xcode 9.3";
			developmentRegion = en;
			hasScannedForEncodings = 0;
			knownRegions = (
				en,
				Base,
			);
			mainGroup = 1A34B57F23EFE92B00F98537;
			productRefGroup = 1A34B58923EFE92B00F98537 /* Products */;
			projectDirPath = "";
			projectRoot = "";
			targets = (
				1A34B58723EFE92B00F98537 /* GuessTheFlag */,
				1A34B59D23EFE92C00F98537 /* GuessTheFlagTests */,
				1A34B5A823EFE92C00F98537 /* GuessTheFlagUITests */,
			);
		};
/* End PBXProject section */

/* Begin PBXResourcesBuildPhase section */
		1A34B58623EFE92B00F98537 /* Resources */ = {
			isa = PBXResourcesBuildPhase;
			buildActionMask = 2147483647;
			files = (
				1A34B59823EFE92C00F98537 /* LaunchScreen.storyboard in Resources */,
				1A34B59523EFE92C00F98537 /* Preview Assets.xcassets in Resources */,
				1A34B59223EFE92C00F98537 /* Assets.xcassets in Resources */,
			);
			runOnlyForDeploymentPostprocessing = 0;
		};
		1A34B59C23EFE92C00F98537 /* Resources */ = {
			isa = PBXResourcesBuildPhase;
			buildActionMask = 2147483647;
			files = (
			);
			runOnlyForDeploymentPostprocessing = 0;
		};
		1A34B5A723EFE92C00F98537 /* Resources */ = {
			isa = PBXResourcesBuildPhase;
			buildActionMask = 2147483647;
			files = (
			);
			runOnlyForDeploymentPostprocessing = 0;
		};
/* End PBXResourcesBuildPhase section */

/* Begin PBXSourcesBuildPhase section */
		1A34B58423EFE92B00F98537 /* Sources */ = {
			isa = PBXSourcesBuildPhase;
			buildActionMask = 2147483647;
			files = (
				1A34B58C23EFE92B00F98537 /* AppDelegate.swift in Sources */,
				1A34B58E23EFE92B00F98537 /* SceneDelegate.swift in Sources */,
				1A34B59023EFE92B00F98537 /* ContentView.swift in Sources */,
			);
			runOnlyForDeploymentPostprocessing = 0;
		};
		1A34B59A23EFE92C00F98537 /* Sources */ = {
			isa = PBXSourcesBuildPhase;
			buildActionMask = 2147483647;
			files = (
				1A34B5A323EFE92C00F98537 /* GuessTheFlagTests.swift in Sources */,
			);
			runOnlyForDeploymentPostprocessing = 0;
		};
		1A34B5A523EFE92C00F98537 /* Sources */ = {
			isa = PBXSourcesBuildPhase;
			buildActionMask = 2147483647;
			files = (
				1A34B5AE23EFE92C00F98537 /* GuessTheFlagUITests.swift in Sources */,
			);
			runOnlyForDeploymentPostprocessing = 0;
		};
/* End PBXSourcesBuildPhase section */

/* Begin PBXTargetDependency section */
		1A34B5A023EFE92C00F98537 /* PBXTargetDependency */ = {
			isa = PBXTargetDependency;
			target = 1A34B58723EFE92B00F98537 /* GuessTheFlag */;
			targetProxy = 1A34B59F23EFE92C00F98537 /* PBXContainerItemProxy */;
		};
		1A34B5AB23EFE92C00F98537 /* PBXTargetDependency */ = {
			isa = PBXTargetDependency;
			target = 1A34B58723EFE92B00F98537 /* GuessTheFlag */;
			targetProxy = 1A34B5AA23EFE92C00F98537 /* PBXContainerItemProxy */;
		};
/* End PBXTargetDependency section */

/* Begin PBXVariantGroup section */
		1A34B59623EFE92C00F98537 /* LaunchScreen.storyboard */ = {
			isa = PBXVariantGroup;
			children = (
				1A34B59723EFE92C00F98537 /* Base */,
			);
			name = LaunchScreen.storyboard;
			sourceTree = "<group>";
		};
/* End PBXVariantGroup section */

/* Begin XCBuildConfiguration section */
		1A34B5B023EFE92C00F98537 /* Debug */ = {
			isa = XCBuildConfiguration;
			buildSettings = {
				ALWAYS_SEARCH_USER_PATHS = NO;
				CLANG_ANALYZER_NONNULL = YES;
				CLANG_ANALYZER_NUMBER_OBJECT_CONVERSION = YES_AGGRESSIVE;
				CLANG_CXX_LANGUAGE_STANDARD = "gnu++14";
				CLANG_CXX_LIBRARY = "libc++";
				CLANG_ENABLE_MODULES = YES;
				CLANG_ENABLE_OBJC_ARC = YES;
				CLANG_ENABLE_OBJC_WEAK = YES;
				CLANG_WARN_BLOCK_CAPTURE_AUTORELEASING = YES;
				CLANG_WARN_BOOL_CONVERSION = YES;
				CLANG_WARN_COMMA = YES;
				CLANG_WARN_CONSTANT_CONVERSION = YES;
				CLANG_WARN_DEPRECATED_OBJC_IMPLEMENTATIONS = YES;
				CLANG_WARN_DIRECT_OBJC_ISA_USAGE = YES_ERROR;
				CLANG_WARN_DOCUMENTATION_COMMENTS = YES;
				CLANG_WARN_EMPTY_BODY = YES;
				CLANG_WARN_ENUM_CONVERSION = YES;
				CLANG_WARN_INFINITE_RECURSION = YES;
				CLANG_WARN_INT_CONVERSION = YES;
				CLANG_WARN_NON_LITERAL_NULL_CONVERSION = YES;
				CLANG_WARN_OBJC_IMPLICIT_RETAIN_SELF = YES;
				CLANG_WARN_OBJC_LITERAL_CONVERSION = YES;
				CLANG_WARN_OBJC_ROOT_CLASS = YES_ERROR;
				CLANG_WARN_RANGE_LOOP_ANALYSIS = YES;
				CLANG_WARN_STRICT_PROTOTYPES = YES;
				CLANG_WARN_SUSPICIOUS_MOVE = YES;
				CLANG_WARN_UNGUARDED_AVAILABILITY = YES_AGGRESSIVE;
				CLANG_WARN_UNREACHABLE_CODE = YES;
				CLANG_WARN__DUPLICATE_METHOD_MATCH = YES;
				COPY_PHASE_STRIP = NO;
				DEBUG_INFORMATION_FORMAT = dwarf;
				ENABLE_STRICT_OBJC_MSGSEND = YES;
				ENABLE_TESTABILITY = YES;
				GCC_C_LANGUAGE_STANDARD = gnu11;
				GCC_DYNAMIC_NO_PIC = NO;
				GCC_NO_COMMON_BLOCKS = YES;
				GCC_OPTIMIZATION_LEVEL = 0;
				GCC_PREPROCESSOR_DEFINITIONS = (
					"DEBUG=1",
					"$(inherited)",
				);
				GCC_WARN_64_TO_32_BIT_CONVERSION = YES;
				GCC_WARN_ABOUT_RETURN_TYPE = YES_ERROR;
				GCC_WARN_UNDECLARED_SELECTOR = YES;
				GCC_WARN_UNINITIALIZED_AUTOS = YES_AGGRESSIVE;
				GCC_WARN_UNUSED_FUNCTION = YES;
				GCC_WARN_UNUSED_VARIABLE = YES;
				IPHONEOS_DEPLOYMENT_TARGET = 13.2;
				MTL_ENABLE_DEBUG_INFO = INCLUDE_SOURCE;
				MTL_FAST_MATH = YES;
				ONLY_ACTIVE_ARCH = YES;
				SDKROOT = iphoneos;
				SWIFT_ACTIVE_COMPILATION_CONDITIONS = DEBUG;
				SWIFT_OPTIMIZATION_LEVEL = "-Onone";
			};
			name = Debug;
		};
		1A34B5B123EFE92C00F98537 /* Release */ = {
			isa = XCBuildConfiguration;
			buildSettings = {
				ALWAYS_SEARCH_USER_PATHS = NO;
				CLANG_ANALYZER_NONNULL = YES;
				CLANG_ANALYZER_NUMBER_OBJECT_CONVERSION = YES_AGGRESSIVE;
				CLANG_CXX_LANGUAGE_STANDARD = "gnu++14";
				CLANG_CXX_LIBRARY = "libc++";
				CLANG_ENABLE_MODULES = YES;
				CLANG_ENABLE_OBJC_ARC = YES;
				CLANG_ENABLE_OBJC_WEAK = YES;
				CLANG_WARN_BLOCK_CAPTURE_AUTORELEASING = YES;
				CLANG_WARN_BOOL_CONVERSION = YES;
				CLANG_WARN_COMMA = YES;
				CLANG_WARN_CONSTANT_CONVERSION = YES;
				CLANG_WARN_DEPRECATED_OBJC_IMPLEMENTATIONS = YES;
				CLANG_WARN_DIRECT_OBJC_ISA_USAGE = YES_ERROR;
				CLANG_WARN_DOCUMENTATION_COMMENTS = YES;
				CLANG_WARN_EMPTY_BODY = YES;
				CLANG_WARN_ENUM_CONVERSION = YES;
				CLANG_WARN_INFINITE_RECURSION = YES;
				CLANG_WARN_INT_CONVERSION = YES;
				CLANG_WARN_NON_LITERAL_NULL_CONVERSION = YES;
				CLANG_WARN_OBJC_IMPLICIT_RETAIN_SELF = YES;
				CLANG_WARN_OBJC_LITERAL_CONVERSION = YES;
				CLANG_WARN_OBJC_ROOT_CLASS = YES_ERROR;
				CLANG_WARN_RANGE_LOOP_ANALYSIS = YES;
				CLANG_WARN_STRICT_PROTOTYPES = YES;
				CLANG_WARN_SUSPICIOUS_MOVE = YES;
				CLANG_WARN_UNGUARDED_AVAILABILITY = YES_AGGRESSIVE;
				CLANG_WARN_UNREACHABLE_CODE = YES;
				CLANG_WARN__DUPLICATE_METHOD_MATCH = YES;
				COPY_PHASE_STRIP = NO;
				DEBUG_INFORMATION_FORMAT = "dwarf-with-dsym";
				ENABLE_NS_ASSERTIONS = NO;
				ENABLE_STRICT_OBJC_MSGSEND = YES;
				GCC_C_LANGUAGE_STANDARD = gnu11;
				GCC_NO_COMMON_BLOCKS = YES;
				GCC_WARN_64_TO_32_BIT_CONVERSION = YES;
				GCC_WARN_ABOUT_RETURN_TYPE = YES_ERROR;
				GCC_WARN_UNDECLARED_SELECTOR = YES;
				GCC_WARN_UNINITIALIZED_AUTOS = YES_AGGRESSIVE;
				GCC_WARN_UNUSED_FUNCTION = YES;
				GCC_WARN_UNUSED_VARIABLE = YES;
				IPHONEOS_DEPLOYMENT_TARGET = 13.2;
				MTL_ENABLE_DEBUG_INFO = NO;
				MTL_FAST_MATH = YES;
				SDKROOT = iphoneos;
				SWIFT_COMPILATION_MODE = wholemodule;
				SWIFT_OPTIMIZATION_LEVEL = "-O";
				VALIDATE_PRODUCT = YES;
			};
			name = Release;
		};
		1A34B5B323EFE92C00F98537 /* Debug */ = {
			isa = XCBuildConfiguration;
			buildSettings = {
				ASSETCATALOG_COMPILER_APPICON_NAME = AppIcon;
				CODE_SIGN_STYLE = Automatic;
				DEVELOPMENT_ASSET_PATHS = "\"GuessTheFlag/Preview Content\"";
				ENABLE_PREVIEWS = YES;
				INFOPLIST_FILE = GuessTheFlag/Info.plist;
				LD_RUNPATH_SEARCH_PATHS = (
					"$(inherited)",
					"@executable_path/Frameworks",
				);
				PRODUCT_BUNDLE_IDENTIFIER = yusuke.GuessTheFlag;
				PRODUCT_NAME = "$(TARGET_NAME)";
				SWIFT_VERSION = 5.0;
				TARGETED_DEVICE_FAMILY = "1,2";
			};
			name = Debug;
		};
		1A34B5B423EFE92C00F98537 /* Release */ = {
			isa = XCBuildConfiguration;
			buildSettings = {
				ASSETCATALOG_COMPILER_APPICON_NAME = AppIcon;
				CODE_SIGN_STYLE = Automatic;
				DEVELOPMENT_ASSET_PATHS = "\"GuessTheFlag/Preview Content\"";
				ENABLE_PREVIEWS = YES;
				INFOPLIST_FILE = GuessTheFlag/Info.plist;
				LD_RUNPATH_SEARCH_PATHS = (
					"$(inherited)",
					"@executable_path/Frameworks",
				);
				PRODUCT_BUNDLE_IDENTIFIER = yusuke.GuessTheFlag;
				PRODUCT_NAME = "$(TARGET_NAME)";
				SWIFT_VERSION = 5.0;
				TARGETED_DEVICE_FAMILY = "1,2";
			};
			name = Release;
		};
		1A34B5B623EFE92C00F98537 /* Debug */ = {
			isa = XCBuildConfiguration;
			buildSettings = {
				ALWAYS_EMBED_SWIFT_STANDARD_LIBRARIES = YES;
				BUNDLE_LOADER = "$(TEST_HOST)";
				CODE_SIGN_STYLE = Automatic;
				INFOPLIST_FILE = GuessTheFlagTests/Info.plist;
				IPHONEOS_DEPLOYMENT_TARGET = 13.2;
				LD_RUNPATH_SEARCH_PATHS = (
					"$(inherited)",
					"@executable_path/Frameworks",
					"@loader_path/Frameworks",
				);
				PRODUCT_BUNDLE_IDENTIFIER = yusuke.GuessTheFlagTests;
				PRODUCT_NAME = "$(TARGET_NAME)";
				SWIFT_VERSION = 5.0;
				TARGETED_DEVICE_FAMILY = "1,2";
				TEST_HOST = "$(BUILT_PRODUCTS_DIR)/GuessTheFlag.app/GuessTheFlag";
			};
			name = Debug;
		};
		1A34B5B723EFE92C00F98537 /* Release */ = {
			isa = XCBuildConfiguration;
			buildSettings = {
				ALWAYS_EMBED_SWIFT_STANDARD_LIBRARIES = YES;
				BUNDLE_LOADER = "$(TEST_HOST)";
				CODE_SIGN_STYLE = Automatic;
				INFOPLIST_FILE = GuessTheFlagTests/Info.plist;
				IPHONEOS_DEPLOYMENT_TARGET = 13.2;
				LD_RUNPATH_SEARCH_PATHS = (
					"$(inherited)",
					"@executable_path/Frameworks",
					"@loader_path/Frameworks",
				);
				PRODUCT_BUNDLE_IDENTIFIER = yusuke.GuessTheFlagTests;
				PRODUCT_NAME = "$(TARGET_NAME)";
				SWIFT_VERSION = 5.0;
				TARGETED_DEVICE_FAMILY = "1,2";
				TEST_HOST = "$(BUILT_PRODUCTS_DIR)/GuessTheFlag.app/GuessTheFlag";
			};
			name = Release;
		};
		1A34B5B923EFE92C00F98537 /* Debug */ = {
			isa = XCBuildConfiguration;
			buildSettings = {
				ALWAYS_EMBED_SWIFT_STANDARD_LIBRARIES = YES;
				CODE_SIGN_STYLE = Automatic;
				INFOPLIST_FILE = GuessTheFlagUITests/Info.plist;
				LD_RUNPATH_SEARCH_PATHS = (
					"$(inherited)",
					"@executable_path/Frameworks",
					"@loader_path/Frameworks",
				);
				PRODUCT_BUNDLE_IDENTIFIER = yusuke.GuessTheFlagUITests;
				PRODUCT_NAME = "$(TARGET_NAME)";
				SWIFT_VERSION = 5.0;
				TARGETED_DEVICE_FAMILY = "1,2";
				TEST_TARGET_NAME = GuessTheFlag;
			};
			name = Debug;
		};
		1A34B5BA23EFE92C00F98537 /* Release */ = {
			isa = XCBuildConfiguration;
			buildSettings = {
				ALWAYS_EMBED_SWIFT_STANDARD_LIBRARIES = YES;
				CODE_SIGN_STYLE = Automatic;
				INFOPLIST_FILE = GuessTheFlagUITests/Info.plist;
				LD_RUNPATH_SEARCH_PATHS = (
					"$(inherited)",
					"@executable_path/Frameworks",
					"@loader_path/Frameworks",
				);
				PRODUCT_BUNDLE_IDENTIFIER = yusuke.GuessTheFlagUITests;
				PRODUCT_NAME = "$(TARGET_NAME)";
				SWIFT_VERSION = 5.0;
				TARGETED_DEVICE_FAMILY = "1,2";
				TEST_TARGET_NAME = GuessTheFlag;
			};
			name = Release;
		};
/* End XCBuildConfiguration section */

/* Begin XCConfigurationList section */
		1A34B58323EFE92B00F98537 /* Build configuration list for PBXProject "GuessTheFlag" */ = {
			isa = XCConfigurationList;
			buildConfigurations = (
				1A34B5B023EFE92C00F98537 /* Debug */,
				1A34B5B123EFE92C00F98537 /* Release */,
			);
			defaultConfigurationIsVisible = 0;
			defaultConfigurationName = Release;
		};
		1A34B5B223EFE92C00F98537 /* Build configuration list for PBXNativeTarget "GuessTheFlag" */ = {
			isa = XCConfigurationList;
			buildConfigurations = (
				1A34B5B323EFE92C00F98537 /* Debug */,
				1A34B5B423EFE92C00F98537 /* Release */,
			);
			defaultConfigurationIsVisible = 0;
			defaultConfigurationName = Release;
		};
		1A34B5B523EFE92C00F98537 /* Build configuration list for PBXNativeTarget "GuessTheFlagTests" */ = {
			isa = XCConfigurationList;
			buildConfigurations = (
				1A34B5B623EFE92C00F98537 /* Debug */,
				1A34B5B723EFE92C00F98537 /* Release */,
			);
			defaultConfigurationIsVisible = 0;
			defaultConfigurationName = Release;
		};
		1A34B5B823EFE92C00F98537 /* Build configuration list for PBXNativeTarget "GuessTheFlagUITests" */ = {
			isa = XCConfigurationList;
			buildConfigurations = (
				1A34B5B923EFE92C00F98537 /* Debug */,
				1A34B5BA23EFE92C00F98537 /* Release */,
			);
			defaultConfigurationIsVisible = 0;
			defaultConfigurationName = Release;
		};
/* End XCConfigurationList section */
	};
	rootObject = 1A34B58023EFE92B00F98537 /* Project object */;
}
